
Microsoft Visual Studio Solution File, Format Version 12.00
Project("{2150E333-8FDC-42A3-9474-1A3956D46DE8}") = "Unit_1", "Unit_1", "{44FF07E1-D220-471C-A9F4-D65FC439B4F9}"
EndProject
Project("{2150E333-8FDC-42A3-9474-1A3956D46DE8}") = "Unit_2", "Unit_2", "{A957BED8-4A98-47F9-845A-F5567B7D9CED}"
EndProject
Project("{FAE04EC0-301F-11D3-BF4B-00C04F79EFBC}") = "SingletonExample", "SingletonExample\SingletonExample.csproj", "{7260CAE1-C4F5-426F-8265-D20B1DF76337}"
EndProject
Project("{FAE04EC0-301F-11D3-BF4B-00C04F79EFBC}") = "SingletonRealExample", "SingletonRealExample\SingletonRealExample.csproj", "{41888F55-2805-46D8-B9F4-5C1CDF2499E0}"
EndProject
Project("{FAE04EC0-301F-11D3-BF4B-00C04F79EFBC}") = "FactoryMethodExample", "FactoryMethodExample\FactoryMethodExample.csproj", "{83E1A850-842D-4D91-B64F-1A8273192107}"
EndProject
Project("{FAE04EC0-301F-11D3-BF4B-00C04F79EFBC}") = "FactoryMethodRealExample", "FactoryMethodRealExample\FactoryMethodRealExample.csproj", "{4A106D27-5892-46CF-B4CC-B6355DFC0D29}"
EndProject
Project("{FAE04EC0-301F-11D3-BF4B-00C04F79EFBC}") = "AbstractFactoryExample", "AbstractFactoryExample\AbstractFactoryExample.csproj", "{E66C8311-B5BA-4376-8D63-1B5B10382FF4}"
EndProject
Project("{FAE04EC0-301F-11D3-BF4B-00C04F79EFBC}") = "AbstractFactoryRealExample", "AbstractFactoryRealExample\AbstractFactoryRealExample.csproj", "{967F0059-E244-479B-BD0B-6A1AB4BA0FBE}"
EndProject
Project("{2150E333-8FDC-42A3-9474-1A3956D46DE8}") = "Unit_3", "Unit_3", "{E00D6F19-725A-40B6-A29A-BFDEACC8B4FA}"
EndProject
Project("{FAE04EC0-301F-11D3-BF4B-00C04F79EFBC}") = "AdapterExample", "AdapterExample\AdapterExample.csproj", "{01150131-B5DC-44D4-9E85-8F95556929D1}"
EndProject
Project("{FAE04EC0-301F-11D3-BF4B-00C04F79EFBC}") = "AdapterRealExample", "AdapterRealExample\AdapterRealExample.csproj", "{1E9B0D7A-FDEE-41F7-80AE-F59D02591595}"
EndProject
Project("{FAE04EC0-301F-11D3-BF4B-00C04F79EFBC}") = "CompositeExample", "CompositeExample\CompositeExample.csproj", "{0AF0DA16-D8F5-4C60-A794-0AE5E491D4CA}"
EndProject
Project("{FAE04EC0-301F-11D3-BF4B-00C04F79EFBC}") = "FacadeExample", "FacadeExample\FacadeExample.csproj", "{F6E3DA2C-5901-4084-9783-E8E67D9C2879}"
EndProject
Project("{FAE04EC0-301F-11D3-BF4B-00C04F79EFBC}") = "FacadeRealExample", "FacadeRealExample\FacadeRealExample.csproj", "{7E8E767B-DEA1-4E88-8602-423EA6444A07}"
EndProject
Project("{2150E333-8FDC-42A3-9474-1A3956D46DE8}") = "Unit_4", "Unit_4", "{8236F780-5F7E-408C-B531-70C08F4CAF9B}"
EndProject
Project("{FAE04EC0-301F-11D3-BF4B-00C04F79EFBC}") = "ChainOfResponsibilityExample", "ChainOfResponsibilityExample\ChainOfResponsibilityExample.csproj", "{A8EAFA8D-39B7-408F-A521-F5E9B0ED7C9E}"
EndProject
Project("{FAE04EC0-301F-11D3-BF4B-00C04F79EFBC}") = "ChainOfResponsibilityRealExample", "ChainOfResponsibilityRealExample\ChainOfResponsibilityRealExample.csproj", "{55EF06E4-DFD4-4D74-8F2C-6739262BFCD9}"
EndProject
Project("{FAE04EC0-301F-11D3-BF4B-00C04F79EFBC}") = "ObserverExample", "ObserverExample\ObserverExample.csproj", "{A152F8D0-379E-4C65-B18B-F60966E47DD5}"
EndProject
Project("{FAE04EC0-301F-11D3-BF4B-00C04F79EFBC}") = "ObserverRealExample", "ObserverRealExample\ObserverRealExample.csproj", "{1D02BC63-2C94-49AF-BAD9-48E7D8B9A927}"
EndProject
Project("{FAE04EC0-301F-11D3-BF4B-00C04F79EFBC}") = "StateExample", "StateExample\StateExample.csproj", "{B13C2870-887B-4208-A7BA-59CF70EBE294}"
EndProject
Project("{FAE04EC0-301F-11D3-BF4B-00C04F79EFBC}") = "StateRealExample", "StateRealExample\StateRealExample.csproj", "{E4B5C0F7-D33F-4F29-833E-A9B1E7B353D0}"
EndProject
Project("{2150E333-8FDC-42A3-9474-1A3956D46DE8}") = "Unit_5", "Unit_5", "{F2D5FD4D-5506-42ED-B991-2E5F4AD1D05A}"
EndProject
Project("{FAE04EC0-301F-11D3-BF4B-00C04F79EFBC}") = "SingleResponsibilityExample", "SingleResponsibilityExample\SingleResponsibilityExample.csproj", "{E05094AB-AFC2-4262-8512-AA58A78C27E1}"
EndProject
Project("{FAE04EC0-301F-11D3-BF4B-00C04F79EFBC}") = "SingleResponsibilityGoodExample", "SingleResponsibilityGoodExample\SingleResponsibilityGoodExample.csproj", "{C362BE56-D38C-4530-A660-DDB68219D197}"
EndProject
Project("{FAE04EC0-301F-11D3-BF4B-00C04F79EFBC}") = "OpenCloseExample", "OpenCloseExample\OpenCloseExample.csproj", "{AEC76DB7-912C-4A49-936E-30BD09CA096B}"
EndProject
Project("{FAE04EC0-301F-11D3-BF4B-00C04F79EFBC}") = "OpenCloseGoodExample", "OpenCloseGoodExample\OpenCloseGoodExample.csproj", "{88C64C56-BC5E-476A-A036-E9A0E188DD96}"
EndProject
Project("{FAE04EC0-301F-11D3-BF4B-00C04F79EFBC}") = "LiskovSubstitutionExample", "LiskovSubstitutionExample\LiskovSubstitutionExample.csproj", "{604797D0-8FD5-44B9-A086-44922FB42DC1}"
EndProject
Project("{FAE04EC0-301F-11D3-BF4B-00C04F79EFBC}") = "InterfaceSegregationPrinciple", "InterfaceSegregationPrinciple\InterfaceSegregationPrinciple.csproj", "{366463A7-6968-4EB8-8CA2-411567ED2F66}"
EndProject
Project("{FAE04EC0-301F-11D3-BF4B-00C04F79EFBC}") = "DependencyInversionExample", "DependencyInversionExample\DependencyInversionExample.csproj", "{31156F1B-9AF8-445F-B2D3-9C92052742A2}"
EndProject
Global
	GlobalSection(SolutionConfigurationPlatforms) = preSolution
		Debug|Any CPU = Debug|Any CPU
		Release|Any CPU = Release|Any CPU
	EndGlobalSection
	GlobalSection(ProjectConfigurationPlatforms) = postSolution
		{7260CAE1-C4F5-426F-8265-D20B1DF76337}.Debug|Any CPU.ActiveCfg = Debug|Any CPU
		{7260CAE1-C4F5-426F-8265-D20B1DF76337}.Debug|Any CPU.Build.0 = Debug|Any CPU
		{7260CAE1-C4F5-426F-8265-D20B1DF76337}.Release|Any CPU.ActiveCfg = Release|Any CPU
		{7260CAE1-C4F5-426F-8265-D20B1DF76337}.Release|Any CPU.Build.0 = Release|Any CPU
		{41888F55-2805-46D8-B9F4-5C1CDF2499E0}.Debug|Any CPU.ActiveCfg = Debug|Any CPU
		{41888F55-2805-46D8-B9F4-5C1CDF2499E0}.Debug|Any CPU.Build.0 = Debug|Any CPU
		{41888F55-2805-46D8-B9F4-5C1CDF2499E0}.Release|Any CPU.ActiveCfg = Release|Any CPU
		{41888F55-2805-46D8-B9F4-5C1CDF2499E0}.Release|Any CPU.Build.0 = Release|Any CPU
		{83E1A850-842D-4D91-B64F-1A8273192107}.Debug|Any CPU.ActiveCfg = Debug|Any CPU
		{83E1A850-842D-4D91-B64F-1A8273192107}.Debug|Any CPU.Build.0 = Debug|Any CPU
		{83E1A850-842D-4D91-B64F-1A8273192107}.Release|Any CPU.ActiveCfg = Release|Any CPU
		{83E1A850-842D-4D91-B64F-1A8273192107}.Release|Any CPU.Build.0 = Release|Any CPU
		{4A106D27-5892-46CF-B4CC-B6355DFC0D29}.Debug|Any CPU.ActiveCfg = Debug|Any CPU
		{4A106D27-5892-46CF-B4CC-B6355DFC0D29}.Debug|Any CPU.Build.0 = Debug|Any CPU
		{4A106D27-5892-46CF-B4CC-B6355DFC0D29}.Release|Any CPU.ActiveCfg = Release|Any CPU
		{4A106D27-5892-46CF-B4CC-B6355DFC0D29}.Release|Any CPU.Build.0 = Release|Any CPU
		{E66C8311-B5BA-4376-8D63-1B5B10382FF4}.Debug|Any CPU.ActiveCfg = Debug|Any CPU
		{E66C8311-B5BA-4376-8D63-1B5B10382FF4}.Debug|Any CPU.Build.0 = Debug|Any CPU
		{E66C8311-B5BA-4376-8D63-1B5B10382FF4}.Release|Any CPU.ActiveCfg = Release|Any CPU
		{E66C8311-B5BA-4376-8D63-1B5B10382FF4}.Release|Any CPU.Build.0 = Release|Any CPU
		{967F0059-E244-479B-BD0B-6A1AB4BA0FBE}.Debug|Any CPU.ActiveCfg = Debug|Any CPU
		{967F0059-E244-479B-BD0B-6A1AB4BA0FBE}.Debug|Any CPU.Build.0 = Debug|Any CPU
		{967F0059-E244-479B-BD0B-6A1AB4BA0FBE}.Release|Any CPU.ActiveCfg = Release|Any CPU
		{967F0059-E244-479B-BD0B-6A1AB4BA0FBE}.Release|Any CPU.Build.0 = Release|Any CPU
		{01150131-B5DC-44D4-9E85-8F95556929D1}.Debug|Any CPU.ActiveCfg = Debug|Any CPU
		{01150131-B5DC-44D4-9E85-8F95556929D1}.Debug|Any CPU.Build.0 = Debug|Any CPU
		{01150131-B5DC-44D4-9E85-8F95556929D1}.Release|Any CPU.ActiveCfg = Release|Any CPU
		{01150131-B5DC-44D4-9E85-8F95556929D1}.Release|Any CPU.Build.0 = Release|Any CPU
		{1E9B0D7A-FDEE-41F7-80AE-F59D02591595}.Debug|Any CPU.ActiveCfg = Debug|Any CPU
		{1E9B0D7A-FDEE-41F7-80AE-F59D02591595}.Debug|Any CPU.Build.0 = Debug|Any CPU
		{1E9B0D7A-FDEE-41F7-80AE-F59D02591595}.Release|Any CPU.ActiveCfg = Release|Any CPU
		{1E9B0D7A-FDEE-41F7-80AE-F59D02591595}.Release|Any CPU.Build.0 = Release|Any CPU
		{0AF0DA16-D8F5-4C60-A794-0AE5E491D4CA}.Debug|Any CPU.ActiveCfg = Debug|Any CPU
		{0AF0DA16-D8F5-4C60-A794-0AE5E491D4CA}.Debug|Any CPU.Build.0 = Debug|Any CPU
		{0AF0DA16-D8F5-4C60-A794-0AE5E491D4CA}.Release|Any CPU.ActiveCfg = Release|Any CPU
		{0AF0DA16-D8F5-4C60-A794-0AE5E491D4CA}.Release|Any CPU.Build.0 = Release|Any CPU
		{F6E3DA2C-5901-4084-9783-E8E67D9C2879}.Debug|Any CPU.ActiveCfg = Debug|Any CPU
		{F6E3DA2C-5901-4084-9783-E8E67D9C2879}.Debug|Any CPU.Build.0 = Debug|Any CPU
		{F6E3DA2C-5901-4084-9783-E8E67D9C2879}.Release|Any CPU.ActiveCfg = Release|Any CPU
		{F6E3DA2C-5901-4084-9783-E8E67D9C2879}.Release|Any CPU.Build.0 = Release|Any CPU
		{7E8E767B-DEA1-4E88-8602-423EA6444A07}.Debug|Any CPU.ActiveCfg = Debug|Any CPU
		{7E8E767B-DEA1-4E88-8602-423EA6444A07}.Debug|Any CPU.Build.0 = Debug|Any CPU
		{7E8E767B-DEA1-4E88-8602-423EA6444A07}.Release|Any CPU.ActiveCfg = Release|Any CPU
		{7E8E767B-DEA1-4E88-8602-423EA6444A07}.Release|Any CPU.Build.0 = Release|Any CPU
		{A8EAFA8D-39B7-408F-A521-F5E9B0ED7C9E}.Debug|Any CPU.ActiveCfg = Debug|Any CPU
		{A8EAFA8D-39B7-408F-A521-F5E9B0ED7C9E}.Debug|Any CPU.Build.0 = Debug|Any CPU
		{A8EAFA8D-39B7-408F-A521-F5E9B0ED7C9E}.Release|Any CPU.ActiveCfg = Release|Any CPU
		{A8EAFA8D-39B7-408F-A521-F5E9B0ED7C9E}.Release|Any CPU.Build.0 = Release|Any CPU
		{55EF06E4-DFD4-4D74-8F2C-6739262BFCD9}.Debug|Any CPU.ActiveCfg = Debug|Any CPU
		{55EF06E4-DFD4-4D74-8F2C-6739262BFCD9}.Debug|Any CPU.Build.0 = Debug|Any CPU
		{55EF06E4-DFD4-4D74-8F2C-6739262BFCD9}.Release|Any CPU.ActiveCfg = Release|Any CPU
		{55EF06E4-DFD4-4D74-8F2C-6739262BFCD9}.Release|Any CPU.Build.0 = Release|Any CPU
		{A152F8D0-379E-4C65-B18B-F60966E47DD5}.Debug|Any CPU.ActiveCfg = Debug|Any CPU
		{A152F8D0-379E-4C65-B18B-F60966E47DD5}.Debug|Any CPU.Build.0 = Debug|Any CPU
		{A152F8D0-379E-4C65-B18B-F60966E47DD5}.Release|Any CPU.ActiveCfg = Release|Any CPU
		{A152F8D0-379E-4C65-B18B-F60966E47DD5}.Release|Any CPU.Build.0 = Release|Any CPU
		{1D02BC63-2C94-49AF-BAD9-48E7D8B9A927}.Debug|Any CPU.ActiveCfg = Debug|Any CPU
		{1D02BC63-2C94-49AF-BAD9-48E7D8B9A927}.Debug|Any CPU.Build.0 = Debug|Any CPU
		{1D02BC63-2C94-49AF-BAD9-48E7D8B9A927}.Release|Any CPU.ActiveCfg = Release|Any CPU
		{1D02BC63-2C94-49AF-BAD9-48E7D8B9A927}.Release|Any CPU.Build.0 = Release|Any CPU
		{B13C2870-887B-4208-A7BA-59CF70EBE294}.Debug|Any CPU.ActiveCfg = Debug|Any CPU
		{B13C2870-887B-4208-A7BA-59CF70EBE294}.Debug|Any CPU.Build.0 = Debug|Any CPU
		{B13C2870-887B-4208-A7BA-59CF70EBE294}.Release|Any CPU.ActiveCfg = Release|Any CPU
		{B13C2870-887B-4208-A7BA-59CF70EBE294}.Release|Any CPU.Build.0 = Release|Any CPU
		{E4B5C0F7-D33F-4F29-833E-A9B1E7B353D0}.Debug|Any CPU.ActiveCfg = Debug|Any CPU
		{E4B5C0F7-D33F-4F29-833E-A9B1E7B353D0}.Debug|Any CPU.Build.0 = Debug|Any CPU
		{E4B5C0F7-D33F-4F29-833E-A9B1E7B353D0}.Release|Any CPU.ActiveCfg = Release|Any CPU
		{E4B5C0F7-D33F-4F29-833E-A9B1E7B353D0}.Release|Any CPU.Build.0 = Release|Any CPU
		{E05094AB-AFC2-4262-8512-AA58A78C27E1}.Debug|Any CPU.ActiveCfg = Debug|Any CPU
		{E05094AB-AFC2-4262-8512-AA58A78C27E1}.Debug|Any CPU.Build.0 = Debug|Any CPU
		{E05094AB-AFC2-4262-8512-AA58A78C27E1}.Release|Any CPU.ActiveCfg = Release|Any CPU
		{E05094AB-AFC2-4262-8512-AA58A78C27E1}.Release|Any CPU.Build.0 = Release|Any CPU
		{C362BE56-D38C-4530-A660-DDB68219D197}.Debug|Any CPU.ActiveCfg = Debug|Any CPU
		{C362BE56-D38C-4530-A660-DDB68219D197}.Debug|Any CPU.Build.0 = Debug|Any CPU
		{C362BE56-D38C-4530-A660-DDB68219D197}.Release|Any CPU.ActiveCfg = Release|Any CPU
		{C362BE56-D38C-4530-A660-DDB68219D197}.Release|Any CPU.Build.0 = Release|Any CPU
		{AEC76DB7-912C-4A49-936E-30BD09CA096B}.Debug|Any CPU.ActiveCfg = Debug|Any CPU
		{AEC76DB7-912C-4A49-936E-30BD09CA096B}.Debug|Any CPU.Build.0 = Debug|Any CPU
		{AEC76DB7-912C-4A49-936E-30BD09CA096B}.Release|Any CPU.ActiveCfg = Release|Any CPU
		{AEC76DB7-912C-4A49-936E-30BD09CA096B}.Release|Any CPU.Build.0 = Release|Any CPU
		{88C64C56-BC5E-476A-A036-E9A0E188DD96}.Debug|Any CPU.ActiveCfg = Debug|Any CPU
		{88C64C56-BC5E-476A-A036-E9A0E188DD96}.Debug|Any CPU.Build.0 = Debug|Any CPU
		{88C64C56-BC5E-476A-A036-E9A0E188DD96}.Release|Any CPU.ActiveCfg = Release|Any CPU
		{88C64C56-BC5E-476A-A036-E9A0E188DD96}.Release|Any CPU.Build.0 = Release|Any CPU
		{604797D0-8FD5-44B9-A086-44922FB42DC1}.Debug|Any CPU.ActiveCfg = Debug|Any CPU
		{604797D0-8FD5-44B9-A086-44922FB42DC1}.Debug|Any CPU.Build.0 = Debug|Any CPU
		{604797D0-8FD5-44B9-A086-44922FB42DC1}.Release|Any CPU.ActiveCfg = Release|Any CPU
		{604797D0-8FD5-44B9-A086-44922FB42DC1}.Release|Any CPU.Build.0 = Release|Any CPU
		{366463A7-6968-4EB8-8CA2-411567ED2F66}.Debug|Any CPU.ActiveCfg = Debug|Any CPU
		{366463A7-6968-4EB8-8CA2-411567ED2F66}.Debug|Any CPU.Build.0 = Debug|Any CPU
		{366463A7-6968-4EB8-8CA2-411567ED2F66}.Release|Any CPU.ActiveCfg = Release|Any CPU
		{366463A7-6968-4EB8-8CA2-411567ED2F66}.Release|Any CPU.Build.0 = Release|Any CPU
		{31156F1B-9AF8-445F-B2D3-9C92052742A2}.Debug|Any CPU.ActiveCfg = Debug|Any CPU
		{31156F1B-9AF8-445F-B2D3-9C92052742A2}.Debug|Any CPU.Build.0 = Debug|Any CPU
		{31156F1B-9AF8-445F-B2D3-9C92052742A2}.Release|Any CPU.ActiveCfg = Release|Any CPU
		{31156F1B-9AF8-445F-B2D3-9C92052742A2}.Release|Any CPU.Build.0 = Release|Any CPU
	EndGlobalSection
	GlobalSection(NestedProjects) = preSolution
		{7260CAE1-C4F5-426F-8265-D20B1DF76337} = {A957BED8-4A98-47F9-845A-F5567B7D9CED}
		{41888F55-2805-46D8-B9F4-5C1CDF2499E0} = {A957BED8-4A98-47F9-845A-F5567B7D9CED}
		{83E1A850-842D-4D91-B64F-1A8273192107} = {A957BED8-4A98-47F9-845A-F5567B7D9CED}
		{4A106D27-5892-46CF-B4CC-B6355DFC0D29} = {A957BED8-4A98-47F9-845A-F5567B7D9CED}
		{E66C8311-B5BA-4376-8D63-1B5B10382FF4} = {A957BED8-4A98-47F9-845A-F5567B7D9CED}
		{967F0059-E244-479B-BD0B-6A1AB4BA0FBE} = {A957BED8-4A98-47F9-845A-F5567B7D9CED}
		{01150131-B5DC-44D4-9E85-8F95556929D1} = {E00D6F19-725A-40B6-A29A-BFDEACC8B4FA}
		{1E9B0D7A-FDEE-41F7-80AE-F59D02591595} = {E00D6F19-725A-40B6-A29A-BFDEACC8B4FA}
		{0AF0DA16-D8F5-4C60-A794-0AE5E491D4CA} = {E00D6F19-725A-40B6-A29A-BFDEACC8B4FA}
		{F6E3DA2C-5901-4084-9783-E8E67D9C2879} = {E00D6F19-725A-40B6-A29A-BFDEACC8B4FA}
		{7E8E767B-DEA1-4E88-8602-423EA6444A07} = {E00D6F19-725A-40B6-A29A-BFDEACC8B4FA}
		{A8EAFA8D-39B7-408F-A521-F5E9B0ED7C9E} = {8236F780-5F7E-408C-B531-70C08F4CAF9B}
		{55EF06E4-DFD4-4D74-8F2C-6739262BFCD9} = {8236F780-5F7E-408C-B531-70C08F4CAF9B}
		{A152F8D0-379E-4C65-B18B-F60966E47DD5} = {8236F780-5F7E-408C-B531-70C08F4CAF9B}
		{1D02BC63-2C94-49AF-BAD9-48E7D8B9A927} = {8236F780-5F7E-408C-B531-70C08F4CAF9B}
		{B13C2870-887B-4208-A7BA-59CF70EBE294} = {8236F780-5F7E-408C-B531-70C08F4CAF9B}
		{E4B5C0F7-D33F-4F29-833E-A9B1E7B353D0} = {8236F780-5F7E-408C-B531-70C08F4CAF9B}
		{E05094AB-AFC2-4262-8512-AA58A78C27E1} = {F2D5FD4D-5506-42ED-B991-2E5F4AD1D05A}
		{C362BE56-D38C-4530-A660-DDB68219D197} = {F2D5FD4D-5506-42ED-B991-2E5F4AD1D05A}
		{AEC76DB7-912C-4A49-936E-30BD09CA096B} = {F2D5FD4D-5506-42ED-B991-2E5F4AD1D05A}
		{88C64C56-BC5E-476A-A036-E9A0E188DD96} = {F2D5FD4D-5506-42ED-B991-2E5F4AD1D05A}
		{604797D0-8FD5-44B9-A086-44922FB42DC1} = {F2D5FD4D-5506-42ED-B991-2E5F4AD1D05A}
		{366463A7-6968-4EB8-8CA2-411567ED2F66} = {F2D5FD4D-5506-42ED-B991-2E5F4AD1D05A}
		{31156F1B-9AF8-445F-B2D3-9C92052742A2} = {F2D5FD4D-5506-42ED-B991-2E5F4AD1D05A}
	EndGlobalSection
EndGlobal
